# THIS IS AN AUTOGENERATED FILE. DO NOT EDIT THIS FILE DIRECTLY.
# yarn lockfile v1


omggif@^1.0.9:
  version "1.0.9"
  resolved "https://registry.yarnpkg.com/omggif/-/omggif-1.0.9.tgz#dcb7024dacd50c52b4d303f04802c91c057c765f"
  integrity sha1-3LcCTazVDFK00wPwSALJHAV8dl8=

"three@>= 0.92 < 1.0":
  version "0.99.0"
  resolved "https://registry.yarnpkg.com/three/-/three-0.99.0.tgz#65711fda7a16501da83948121437d824df1fea19"
  integrity sha512-DmNNq6H6nRGaqxScJ8x7v5VjdtDZR72oTVwDdKbB2BYNFxCkAoo9vdFAznEsMu9YzTV2yFvbVs7qHRzvJZzTIg==
